
Microsoft Visual Studio Solution File, Format Version 12.00
# Visual Studio Version 16
VisualStudioVersion = 16.0.32228.343
MinimumVisualStudioVersion = 10.0.40219.1
Project("{FAE04EC0-301F-11D3-BF4B-00C04F79EFBC}") = "Recovery_Coding_Project", "Recovery_Coding_Project.csproj", "{A68A91B0-7D87-4C30-A796-A1E5915C8FF1}"
EndProject
Global
	GlobalSection(SolutionConfigurationPlatforms) = preSolution
		Debug|Any CPU = Debug|Any CPU
		Release|Any CPU = Release|Any CPU
	EndGlobalSection
	GlobalSection(ProjectConfigurationPlatforms) = postSolution
		{A68A91B0-7D87-4C30-A796-A1E5915C8FF1}.Debug|Any CPU.ActiveCfg = Debug|Any CPU
		{A68A91B0-7D87-4C30-A796-A1E5915C8FF1}.Debug|Any CPU.Build.0 = Debug|Any CPU
		{A68A91B0-7D87-4C30-A796-A1E5915C8FF1}.Release|Any CPU.ActiveCfg = Release|Any CPU
		{A68A91B0-7D87-4C30-A796-A1E5915C8FF1}.Release|Any CPU.Build.0 = Release|Any CPU
	EndGlobalSection
	GlobalSection(SolutionProperties) = preSolution
		HideSolutionNode = FALSE
	EndGlobalSection
	GlobalSection(ExtensibilityGlobals) = postSolution
		SolutionGuid = {B424A02F-7C3F-474A-9DDD-054A2B19EF21}
	EndGlobalSection
EndGlobal
